// !$*UTF8*$!
{
	archiveVersion = 1;
	classes = {
	};
	objectVersion = 52;
	objects = {

/* Begin PBXBuildFile section */
		370B2D3C259BE4C50047F80E /* Desafio_M2YApp.swift in Sources */ = {isa = PBXBuildFile; fileRef = 370B2D3B259BE4C50047F80E /* Desafio_M2YApp.swift */; };
		370B2D40259BE4D30047F80E /* Assets.xcassets in Resources */ = {isa = PBXBuildFile; fileRef = 370B2D3F259BE4D30047F80E /* Assets.xcassets */; };
		370B2D43259BE4D30047F80E /* Preview Assets.xcassets in Resources */ = {isa = PBXBuildFile; fileRef = 370B2D42259BE4D30047F80E /* Preview Assets.xcassets */; };
		370B2D51259BF24A0047F80E /* MovieDetailView.swift in Sources */ = {isa = PBXBuildFile; fileRef = 370B2D50259BF24A0047F80E /* MovieDetailView.swift */; };
		370B2D69259BF8DE0047F80E /* MovieDetailCardView.swift in Sources */ = {isa = PBXBuildFile; fileRef = 370B2D68259BF8DE0047F80E /* MovieDetailCardView.swift */; };
		373C0167259F510F00AD9DDB /* MovieDetail.swift in Sources */ = {isa = PBXBuildFile; fileRef = 373C0166259F510F00AD9DDB /* MovieDetail.swift */; };
		37A5A8D6259D319200DD792C /* MovieResponse.swift in Sources */ = {isa = PBXBuildFile; fileRef = 37A5A8D5259D319200DD792C /* MovieResponse.swift */; };
		37A5A8D9259D31A800DD792C /* Movie.swift in Sources */ = {isa = PBXBuildFile; fileRef = 37A5A8D8259D31A800DD792C /* Movie.swift */; };
		37A5A8DC259D31C100DD792C /* MovieViewModel.swift in Sources */ = {isa = PBXBuildFile; fileRef = 37A5A8DB259D31C100DD792C /* MovieViewModel.swift */; };
		37A5A8E5259D32A700DD792C /* MovieService.swift in Sources */ = {isa = PBXBuildFile; fileRef = 37A5A8E4259D32A700DD792C /* MovieService.swift */; };
		37A5A8E8259D32B700DD792C /* API.swift in Sources */ = {isa = PBXBuildFile; fileRef = 37A5A8E7259D32B700DD792C /* API.swift */; };
		37A5A8EB259D3B1300DD792C /* Genre.swift in Sources */ = {isa = PBXBuildFile; fileRef = 37A5A8EA259D3B1300DD792C /* Genre.swift */; };
		37A5A8F4259D47F800DD792C /* SDWebImageSwiftUI in Frameworks */ = {isa = PBXBuildFile; productRef = 37A5A8F3259D47F800DD792C /* SDWebImageSwiftUI */; };
		3E5FE19B25FF82B00029B51C /* String+Ext.swift in Sources */ = {isa = PBXBuildFile; fileRef = 3E5FE19A25FF82B00029B51C /* String+Ext.swift */; };
/* End PBXBuildFile section */

/* Begin PBXFileReference section */
		370B2D38259BE4C50047F80E /* Desafio M2Y.app */ = {isa = PBXFileReference; explicitFileType = wrapper.application; includeInIndex = 0; path = "Desafio M2Y.app"; sourceTree = BUILT_PRODUCTS_DIR; };
		370B2D3B259BE4C50047F80E /* Desafio_M2YApp.swift */ = {isa = PBXFileReference; lastKnownFileType = sourcecode.swift; path = Desafio_M2YApp.swift; sourceTree = "<group>"; };
		370B2D3F259BE4D30047F80E /* Assets.xcassets */ = {isa = PBXFileReference; lastKnownFileType = folder.assetcatalog; path = Assets.xcassets; sourceTree = "<group>"; };
		370B2D42259BE4D30047F80E /* Preview Assets.xcassets */ = {isa = PBXFileReference; lastKnownFileType = folder.assetcatalog; path = "Preview Assets.xcassets"; sourceTree = "<group>"; };
		370B2D44259BE4D30047F80E /* Info.plist */ = {isa = PBXFileReference; lastKnownFileType = text.plist.xml; path = Info.plist; sourceTree = "<group>"; };
		370B2D50259BF24A0047F80E /* MovieDetailView.swift */ = {isa = PBXFileReference; lastKnownFileType = sourcecode.swift; path = MovieDetailView.swift; sourceTree = "<group>"; };
		370B2D68259BF8DE0047F80E /* MovieDetailCardView.swift */ = {isa = PBXFileReference; lastKnownFileType = sourcecode.swift; path = MovieDetailCardView.swift; sourceTree = "<group>"; };
		373C0166259F510F00AD9DDB /* MovieDetail.swift */ = {isa = PBXFileReference; lastKnownFileType = sourcecode.swift; path = MovieDetail.swift; sourceTree = "<group>"; };
		37A5A8D5259D319200DD792C /* MovieResponse.swift */ = {isa = PBXFileReference; lastKnownFileType = sourcecode.swift; path = MovieResponse.swift; sourceTree = "<group>"; };
		37A5A8D8259D31A800DD792C /* Movie.swift */ = {isa = PBXFileReference; lastKnownFileType = sourcecode.swift; path = Movie.swift; sourceTree = "<group>"; };
		37A5A8DB259D31C100DD792C /* MovieViewModel.swift */ = {isa = PBXFileReference; lastKnownFileType = sourcecode.swift; path = MovieViewModel.swift; sourceTree = "<group>"; };
		37A5A8E4259D32A700DD792C /* MovieService.swift */ = {isa = PBXFileReference; lastKnownFileType = sourcecode.swift; path = MovieService.swift; sourceTree = "<group>"; };
		37A5A8E7259D32B700DD792C /* API.swift */ = {isa = PBXFileReference; lastKnownFileType = sourcecode.swift; path = API.swift; sourceTree = "<group>"; };
		37A5A8EA259D3B1300DD792C /* Genre.swift */ = {isa = PBXFileReference; lastKnownFileType = sourcecode.swift; path = Genre.swift; sourceTree = "<group>"; };
		3E5FE19A25FF82B00029B51C /* String+Ext.swift */ = {isa = PBXFileReference; lastKnownFileType = sourcecode.swift; path = "String+Ext.swift"; sourceTree = "<group>"; };
/* End PBXFileReference section */

/* Begin PBXFrameworksBuildPhase section */
		370B2D35259BE4C50047F80E /* Frameworks */ = {
			isa = PBXFrameworksBuildPhase;
			buildActionMask = 2147483647;
			files = (
				37A5A8F4259D47F800DD792C /* SDWebImageSwiftUI in Frameworks */,
			);
			runOnlyForDeploymentPostprocessing = 0;
		};
/* End PBXFrameworksBuildPhase section */

/* Begin PBXGroup section */
		370B2D2F259BE4C50047F80E = {
			isa = PBXGroup;
			children = (
				370B2D3A259BE4C50047F80E /* Desafio M2Y */,
				370B2D39259BE4C50047F80E /* Products */,
			);
			sourceTree = "<group>";
		};
		370B2D39259BE4C50047F80E /* Products */ = {
			isa = PBXGroup;
			children = (
				370B2D38259BE4C50047F80E /* Desafio M2Y.app */,
			);
			name = Products;
			sourceTree = "<group>";
		};
		370B2D3A259BE4C50047F80E /* Desafio M2Y */ = {
			isa = PBXGroup;
			children = (
				3E5FE19825FF82960029B51C /* Utility */,
				370B2D4E259BE52B0047F80E /* Model */,
				370B2D4D259BE5240047F80E /* Services */,
				370B2D4C259BE51D0047F80E /* ViewModel */,
				370B2D4B259BE4FA0047F80E /* View */,
				370B2D3B259BE4C50047F80E /* Desafio_M2YApp.swift */,
				370B2D3F259BE4D30047F80E /* Assets.xcassets */,
				370B2D44259BE4D30047F80E /* Info.plist */,
				370B2D41259BE4D30047F80E /* Preview Content */,
			);
			path = "Desafio M2Y";
			sourceTree = "<group>";
		};
		370B2D41259BE4D30047F80E /* Preview Content */ = {
			isa = PBXGroup;
			children = (
				370B2D42259BE4D30047F80E /* Preview Assets.xcassets */,
			);
			path = "Preview Content";
			sourceTree = "<group>";
		};
		370B2D4B259BE4FA0047F80E /* View */ = {
			isa = PBXGroup;
			children = (
				370B2D50259BF24A0047F80E /* MovieDetailView.swift */,
				370B2D68259BF8DE0047F80E /* MovieDetailCardView.swift */,
			);
			path = View;
			sourceTree = "<group>";
		};
		370B2D4C259BE51D0047F80E /* ViewModel */ = {
			isa = PBXGroup;
			children = (
				37A5A8DB259D31C100DD792C /* MovieViewModel.swift */,
			);
			path = ViewModel;
			sourceTree = "<group>";
		};
		370B2D4D259BE5240047F80E /* Services */ = {
			isa = PBXGroup;
			children = (
				37A5A8E4259D32A700DD792C /* MovieService.swift */,
				37A5A8E7259D32B700DD792C /* API.swift */,
			);
			path = Services;
			sourceTree = "<group>";
		};
		370B2D4E259BE52B0047F80E /* Model */ = {
			isa = PBXGroup;
			children = (
				37A5A8D5259D319200DD792C /* MovieResponse.swift */,
				37A5A8D8259D31A800DD792C /* Movie.swift */,
				37A5A8EA259D3B1300DD792C /* Genre.swift */,
				373C0166259F510F00AD9DDB /* MovieDetail.swift */,
			);
			path = Model;
			sourceTree = "<group>";
		};
		3E5FE19825FF82960029B51C /* Utility */ = {
			isa = PBXGroup;
			children = (
				3E5FE19925FF82A10029B51C /* Extension */,
			);
			path = Utility;
			sourceTree = "<group>";
		};
		3E5FE19925FF82A10029B51C /* Extension */ = {
			isa = PBXGroup;
			children = (
				3E5FE19A25FF82B00029B51C /* String+Ext.swift */,
			);
			path = Extension;
			sourceTree = "<group>";
		};
/* End PBXGroup section */

/* Begin PBXNativeTarget section */
		370B2D37259BE4C50047F80E /* Desafio M2Y */ = {
			isa = PBXNativeTarget;
			buildConfigurationList = 370B2D47259BE4D30047F80E /* Build configuration list for PBXNativeTarget "Desafio M2Y" */;
			buildPhases = (
				370B2D34259BE4C50047F80E /* Sources */,
				370B2D35259BE4C50047F80E /* Frameworks */,
				370B2D36259BE4C50047F80E /* Resources */,
			);
			buildRules = (
			);
			dependencies = (
			);
			name = "Desafio M2Y";
			packageProductDependencies = (
				37A5A8F3259D47F800DD792C /* SDWebImageSwiftUI */,
			);
			productName = "Desafio M2Y";
			productReference = 370B2D38259BE4C50047F80E /* Desafio M2Y.app */;
			productType = "com.apple.product-type.application";
		};
/* End PBXNativeTarget section */

/* Begin PBXProject section */
		370B2D30259BE4C50047F80E /* Project object */ = {
			isa = PBXProject;
			attributes = {
				LastSwiftUpdateCheck = 1230;
				LastUpgradeCheck = 1230;
				TargetAttributes = {
					370B2D37259BE4C50047F80E = {
						CreatedOnToolsVersion = 12.3;
					};
				};
			};
			buildConfigurationList = 370B2D33259BE4C50047F80E /* Build configuration list for PBXProject "Desafio M2Y" */;
			compatibilityVersion = "Xcode 9.3";
			developmentRegion = en;
			hasScannedForEncodings = 0;
			knownRegions = (
				en,
				Base,
			);
			mainGroup = 370B2D2F259BE4C50047F80E;
			packageReferences = (
				37A5A8F2259D47F800DD792C /* XCRemoteSwiftPackageReference "SDWebImageSwiftUI" */,
			);
			productRefGroup = 370B2D39259BE4C50047F80E /* Products */;
			projectDirPath = "";
			projectRoot = "";
			targets = (
				370B2D37259BE4C50047F80E /* Desafio M2Y */,
			);
		};
/* End PBXProject section */

/* Begin PBXResourcesBuildPhase section */
		370B2D36259BE4C50047F80E /* Resources */ = {
			isa = PBXResourcesBuildPhase;
			buildActionMask = 2147483647;
			files = (
				370B2D43259BE4D30047F80E /* Preview Assets.xcassets in Resources */,
				370B2D40259BE4D30047F80E /* Assets.xcassets in Resources */,
			);
			runOnlyForDeploymentPostprocessing = 0;
		};
/* End PBXResourcesBuildPhase section */

/* Begin PBXSourcesBuildPhase section */
		370B2D34259BE4C50047F80E /* Sources */ = {
			isa = PBXSourcesBuildPhase;
			buildActionMask = 2147483647;
			files = (
				37A5A8D9259D31A800DD792C /* Movie.swift in Sources */,
				370B2D69259BF8DE0047F80E /* MovieDetailCardView.swift in Sources */,
				37A5A8DC259D31C100DD792C /* MovieViewModel.swift in Sources */,
				373C0167259F510F00AD9DDB /* MovieDetail.swift in Sources */,
				370B2D51259BF24A0047F80E /* MovieDetailView.swift in Sources */,
				37A5A8D6259D319200DD792C /* MovieResponse.swift in Sources */,
				37A5A8EB259D3B1300DD792C /* Genre.swift in Sources */,
				370B2D3C259BE4C50047F80E /* Desafio_M2YApp.swift in Sources */,
				37A5A8E8259D32B700DD792C /* API.swift in Sources */,
				37A5A8E5259D32A700DD792C /* MovieService.swift in Sources */,
				3E5FE19B25FF82B00029B51C /* String+Ext.swift in Sources */,
			);
			runOnlyForDeploymentPostprocessing = 0;
		};
/* End PBXSourcesBuildPhase section */

/* Begin XCBuildConfiguration section */
		370B2D45259BE4D30047F80E /* Debug */ = {
			isa = XCBuildConfiguration;
			buildSettings = {
				ALWAYS_SEARCH_USER_PATHS = NO;
				CLANG_ANALYZER_NONNULL = YES;
				CLANG_ANALYZER_NUMBER_OBJECT_CONVERSION = YES_AGGRESSIVE;
				CLANG_CXX_LANGUAGE_STANDARD = "gnu++14";
				CLANG_CXX_LIBRARY = "libc++";
				CLANG_ENABLE_MODULES = YES;
				CLANG_ENABLE_OBJC_ARC = YES;
				CLANG_ENABLE_OBJC_WEAK = YES;
				CLANG_WARN_BLOCK_CAPTURE_AUTORELEASING = YES;
				CLANG_WARN_BOOL_CONVERSION = YES;
				CLANG_WARN_COMMA = YES;
				CLANG_WARN_CONSTANT_CONVERSION = YES;
				CLANG_WARN_DEPRECATED_OBJC_IMPLEMENTATIONS = YES;
				CLANG_WARN_DIRECT_OBJC_ISA_USAGE = YES_ERROR;
				CLANG_WARN_DOCUMENTATION_COMMENTS = YES;
				CLANG_WARN_EMPTY_BODY = YES;
				CLANG_WARN_ENUM_CONVERSION = YES;
				CLANG_WARN_INFINITE_RECURSION = YES;
				CLANG_WARN_INT_CONVERSION = YES;
				CLANG_WARN_NON_LITERAL_NULL_CONVERSION = YES;
				CLANG_WARN_OBJC_IMPLICIT_RETAIN_SELF = YES;
				CLANG_WARN_OBJC_LITERAL_CONVERSION = YES;
				CLANG_WARN_OBJC_ROOT_CLASS = YES_ERROR;
				CLANG_WARN_QUOTED_INCLUDE_IN_FRAMEWORK_HEADER = YES;
				CLANG_WARN_RANGE_LOOP_ANALYSIS = YES;
				CLANG_WARN_STRICT_PROTOTYPES = YES;
				CLANG_WARN_SUSPICIOUS_MOVE = YES;
				CLANG_WARN_UNGUARDED_AVAILABILITY = YES_AGGRESSIVE;
				CLANG_WARN_UNREACHABLE_CODE = YES;
				CLANG_WARN__DUPLICATE_METHOD_MATCH = YES;
				COPY_PHASE_STRIP = NO;
				DEBUG_INFORMATION_FORMAT = dwarf;
				ENABLE_STRICT_OBJC_MSGSEND = YES;
				ENABLE_TESTABILITY = YES;
				GCC_C_LANGUAGE_STANDARD = gnu11;
				GCC_DYNAMIC_NO_PIC = NO;
				GCC_NO_COMMON_BLOCKS = YES;
				GCC_OPTIMIZATION_LEVEL = 0;
				GCC_PREPROCESSOR_DEFINITIONS = (
					"DEBUG=1",
					"$(inherited)",
				);
				GCC_WARN_64_TO_32_BIT_CONVERSION = YES;
				GCC_WARN_ABOUT_RETURN_TYPE = YES_ERROR;
				GCC_WARN_UNDECLARED_SELECTOR = YES;
				GCC_WARN_UNINITIALIZED_AUTOS = YES_AGGRESSIVE;
				GCC_WARN_UNUSED_FUNCTION = YES;
				GCC_WARN_UNUSED_VARIABLE = YES;
				IPHONEOS_DEPLOYMENT_TARGET = 14.3;
				MTL_ENABLE_DEBUG_INFO = INCLUDE_SOURCE;
				MTL_FAST_MATH = YES;
				ONLY_ACTIVE_ARCH = YES;
				SDKROOT = iphoneos;
				SWIFT_ACTIVE_COMPILATION_CONDITIONS = DEBUG;
				SWIFT_OPTIMIZATION_LEVEL = "-Onone";
			};
			name = Debug;
		};
		370B2D46259BE4D30047F80E /* Release */ = {
			isa = XCBuildConfiguration;
			buildSettings = {
				ALWAYS_SEARCH_USER_PATHS = NO;
				CLANG_ANALYZER_NONNULL = YES;
				CLANG_ANALYZER_NUMBER_OBJECT_CONVERSION = YES_AGGRESSIVE;
				CLANG_CXX_LANGUAGE_STANDARD = "gnu++14";
				CLANG_CXX_LIBRARY = "libc++";
				CLANG_ENABLE_MODULES = YES;
				CLANG_ENABLE_OBJC_ARC = YES;
				CLANG_ENABLE_OBJC_WEAK = YES;
				CLANG_WARN_BLOCK_CAPTURE_AUTORELEASING = YES;
				CLANG_WARN_BOOL_CONVERSION = YES;
				CLANG_WARN_COMMA = YES;
				CLANG_WARN_CONSTANT_CONVERSION = YES;
				CLANG_WARN_DEPRECATED_OBJC_IMPLEMENTATIONS = YES;
				CLANG_WARN_DIRECT_OBJC_ISA_USAGE = YES_ERROR;
				CLANG_WARN_DOCUMENTATION_COMMENTS = YES;
				CLANG_WARN_EMPTY_BODY = YES;
				CLANG_WARN_ENUM_CONVERSION = YES;
				CLANG_WARN_INFINITE_RECURSION = YES;
				CLANG_WARN_INT_CONVERSION = YES;
				CLANG_WARN_NON_LITERAL_NULL_CONVERSION = YES;
				CLANG_WARN_OBJC_IMPLICIT_RETAIN_SELF = YES;
				CLANG_WARN_OBJC_LITERAL_CONVERSION = YES;
				CLANG_WARN_OBJC_ROOT_CLASS = YES_ERROR;
				CLANG_WARN_QUOTED_INCLUDE_IN_FRAMEWORK_HEADER = YES;
				CLANG_WARN_RANGE_LOOP_ANALYSIS = YES;
				CLANG_WARN_STRICT_PROTOTYPES = YES;
				CLANG_WARN_SUSPICIOUS_MOVE = YES;
				CLANG_WARN_UNGUARDED_AVAILABILITY = YES_AGGRESSIVE;
				CLANG_WARN_UNREACHABLE_CODE = YES;
				CLANG_WARN__DUPLICATE_METHOD_MATCH = YES;
				COPY_PHASE_STRIP = NO;
				DEBUG_INFORMATION_FORMAT = "dwarf-with-dsym";
				ENABLE_NS_ASSERTIONS = NO;
				ENABLE_STRICT_OBJC_MSGSEND = YES;
				GCC_C_LANGUAGE_STANDARD = gnu11;
				GCC_NO_COMMON_BLOCKS = YES;
				GCC_WARN_64_TO_32_BIT_CONVERSION = YES;
				GCC_WARN_ABOUT_RETURN_TYPE = YES_ERROR;
				GCC_WARN_UNDECLARED_SELECTOR = YES;
				GCC_WARN_UNINITIALIZED_AUTOS = YES_AGGRESSIVE;
				GCC_WARN_UNUSED_FUNCTION = YES;
				GCC_WARN_UNUSED_VARIABLE = YES;
				IPHONEOS_DEPLOYMENT_TARGET = 14.3;
				MTL_ENABLE_DEBUG_INFO = NO;
				MTL_FAST_MATH = YES;
				SDKROOT = iphoneos;
				SWIFT_COMPILATION_MODE = wholemodule;
				SWIFT_OPTIMIZATION_LEVEL = "-O";
				VALIDATE_PRODUCT = YES;
			};
			name = Release;
		};
		370B2D48259BE4D30047F80E /* Debug */ = {
			isa = XCBuildConfiguration;
			buildSettings = {
				ASSETCATALOG_COMPILER_APPICON_NAME = AppIcon;
				ASSETCATALOG_COMPILER_GLOBAL_ACCENT_COLOR_NAME = AccentColor;
				CODE_SIGN_STYLE = Automatic;
				DEVELOPMENT_ASSET_PATHS = "\"Desafio M2Y/Preview Content\"";
				DEVELOPMENT_TEAM = 597969VDF7;
				ENABLE_PREVIEWS = YES;
				INFOPLIST_FILE = "Desafio M2Y/Info.plist";
				IPHONEOS_DEPLOYMENT_TARGET = 14.0;
				LD_RUNPATH_SEARCH_PATHS = (
					"$(inherited)",
					"@executable_path/Frameworks",
				);
				PRODUCT_BUNDLE_IDENTIFIER = "xyz.decodely.Desafio-M2Y";
				PRODUCT_NAME = "$(TARGET_NAME)";
				SWIFT_VERSION = 5.0;
				TARGETED_DEVICE_FAMILY = 1;
			};
			name = Debug;
		};
		370B2D49259BE4D30047F80E /* Release */ = {
			isa = XCBuildConfiguration;
			buildSettings = {
				ASSETCATALOG_COMPILER_APPICON_NAME = AppIcon;
				ASSETCATALOG_COMPILER_GLOBAL_ACCENT_COLOR_NAME = AccentColor;
				CODE_SIGN_STYLE = Automatic;
				DEVELOPMENT_ASSET_PATHS = "\"Desafio M2Y/Preview Content\"";
				DEVELOPMENT_TEAM = 597969VDF7;
				ENABLE_PREVIEWS = YES;
				INFOPLIST_FILE = "Desafio M2Y/Info.plist";
				IPHONEOS_DEPLOYMENT_TARGET = 14.0;
				LD_RUNPATH_SEARCH_PATHS = (
					"$(inherited)",
					"@executable_path/Frameworks",
				);
				PRODUCT_BUNDLE_IDENTIFIER = "xyz.decodely.Desafio-M2Y";
				PRODUCT_NAME = "$(TARGET_NAME)";
				SWIFT_VERSION = 5.0;
				TARGETED_DEVICE_FAMILY = 1;
			};
			name = Release;
		};
/* End XCBuildConfiguration section */

/* Begin XCConfigurationList section */
		370B2D33259BE4C50047F80E /* Build configuration list for PBXProject "Desafio M2Y" */ = {
			isa = XCConfigurationList;
			buildConfigurations = (
				370B2D45259BE4D30047F80E /* Debug */,
				370B2D46259BE4D30047F80E /* Release */,
			);
			defaultConfigurationIsVisible = 0;
			defaultConfigurationName = Release;
		};
		370B2D47259BE4D30047F80E /* Build configuration list for PBXNativeTarget "Desafio M2Y" */ = {
			isa = XCConfigurationList;
			buildConfigurations = (
				370B2D48259BE4D30047F80E /* Debug */,
				370B2D49259BE4D30047F80E /* Release */,
			);
			defaultConfigurationIsVisible = 0;
			defaultConfigurationName = Release;
		};
/* End XCConfigurationList section */

/* Begin XCRemoteSwiftPackageReference section */
		37A5A8F2259D47F800DD792C /* XCRemoteSwiftPackageReference "SDWebImageSwiftUI" */ = {
			isa = XCRemoteSwiftPackageReference;
			repositoryURL = "https://github.com/SDWebImage/SDWebImageSwiftUI";
			requirement = {
				kind = upToNextMajorVersion;
				minimumVersion = 1.5.0;
			};
		};
/* End XCRemoteSwiftPackageReference section */

/* Begin XCSwiftPackageProductDependency section */
		37A5A8F3259D47F800DD792C /* SDWebImageSwiftUI */ = {
			isa = XCSwiftPackageProductDependency;
			package = 37A5A8F2259D47F800DD792C /* XCRemoteSwiftPackageReference "SDWebImageSwiftUI" */;
			productName = SDWebImageSwiftUI;
		};
/* End XCSwiftPackageProductDependency section */
	};
	rootObject = 370B2D30259BE4C50047F80E /* Project object */;
}
